<?xml version="1.0" encoding="UTF-8" standalone="yes" ?>
<CodeBlocks_project_file>
	<FileVersion major="1" minor="6" />
	<Project>
		<Option title="Up_Dater" />
		<Option pch_mode="0" />
		<Option default_target="Release" />
		<Option compiler="gcc" />
		<Build>
			<Target title="Release">
				<Option output="..\..\up_dater.exe" prefix_auto="0" extension_auto="0" />
				<Option working_dir="..\..\..\client" />
				<Option type="0" />
				<Option compiler="gcc" />
				<Option projectResourceIncludeDirsRelation="0" />
				<Compiler>
					<Add option="-Os" />
					<Add option="-Wno-uninitialized" />
				</Compiler>
			</Target>
		</Build>
		<VirtualTargets>
			<Add alias="All" targets="Release;" />
		</VirtualTargets>
		<Compiler>
			<Add option="-Wall -W -Werror" />
			<Add option="-DWIN32" />
			<Add option="-DMINGW" />
		</Compiler>
		<Linker>
			<Add library="mingw32" />
			<Add library="libwinmm.a" />
		</Linker>
		<Unit filename="..\..\src\updater/main.c" />
		<Extensions>
			<envvars />
			<lib_finder />
		</Extensions>
	</Project>
</CodeBlocks_project_file>
