<?xml version="1.0" encoding="UTF-8" standalone="yes" ?>
<CodeBlocks_project_file>
	<FileVersion major="1" minor="6" />
	<Project>
		<Option title="Atrinik Server" />
		<Option pch_mode="0" />
		<Option default_target="Release" />
		<Option compiler="gcc" />
		<Build>
			<Target title="Release">
				<Option output="..\..\atrinik_server.exe" prefix_auto="0" extension_auto="0" />
				<Option working_dir="..\..\..\server" />
				<Option type="0" />
				<Option compiler="gcc" />
				<Option projectResourceIncludeDirsRelation="0" />
				<ExtraCommands>
					<Add before="..\tools\flex.exe -i -Pyy_object -o..\..\src\loaders\object.c  ..\..\src\loaders\object.l" />
					<Add before="..\tools\flex.exe -i -Pyy_random_map -o..\..\src\loaders\random_map.c  ..\..\src\loaders\random_map.l" />
					<Add before="..\tools\flex.exe -i -Pyy_map_header -o..\..\src\loaders\map_header.c  ..\..\src\loaders\map_header.l" />
				</ExtraCommands>
			</Target>
		</Build>
		<VirtualTargets>
			<Add alias="All" targets="Release;" />
		</VirtualTargets>
		<Compiler>
			<Add option="-W" />
			<Add option="-Wno-uninitialized -Wno-unused-parameter" />
			<Add option="-D_CONSOLE" />
			<Add option="-DWIN32" />
			<Add option="-DDEBUG" />
			<Add option="-DMINGW" />
			<Add option="-DCURL_STATICLIB" />
			<Add option="-O3" />
			<Add directory="..\..\src\include" />
			<Add directory="..\..\src\toolkit\include" />
			<Add directory="..\..\src\random_maps" />
			<Add directory="..\..\src\tests" />
			<Add directory="include" />
		</Compiler>
		<Linker>
			<Add library="mingw32" />
			<Add library="wsock32" />
			<Add directory="lib" />
			<Add option="-s" />
			<Add library="curl" />
			<Add library="zdll" />
			<Add library="libwsock32.a" />
			<Add library="libwinmm.a" />
			<Add library="libpthread.a" />
		</Linker>
		<Unit filename="README" />
		<Unit filename="..\..\src\commands\chat.c" />
		<Unit filename="..\..\src\commands\commands.c" />
		<Unit filename="..\..\src\commands\misc.c" />
		<Unit filename="..\..\src\commands\move.c" />
		<Unit filename="..\..\src\commands\new.c" />
		<Unit filename="..\..\src\commands\object.c" />
		<Unit filename="..\..\src\commands\range.c" />
		<Unit filename="..\..\src\commands\wiz.c" />
		<Unit filename="..\..\src\loaders\object.c" />
		<Unit filename="..\..\src\loaders\random_map.c" />
		<Unit filename="..\..\src\loaders\map_header.c" />
		<Unit filename="..\..\src\random_maps\decor.c" />
		<Unit filename="..\..\src\random_maps\door.c" />
		<Unit filename="..\..\src\random_maps\exit.c" />
		<Unit filename="..\..\src\random_maps\expand2x.c" />
		<Unit filename="..\..\src\random_maps\floor.c" />
		<Unit filename="..\..\src\random_maps\maze_gen.c" />
		<Unit filename="..\..\src\random_maps\monster.c" />
		<Unit filename="..\..\src\random_maps\random_map.c" />
		<Unit filename="..\..\src\random_maps\rogue_layout.c" />
		<Unit filename="..\..\src\random_maps\room_gen_onion.c" />
		<Unit filename="..\..\src\random_maps\room_gen_spiral.c" />
		<Unit filename="..\..\src\random_maps\snake.c" />
		<Unit filename="..\..\src\random_maps\square_spiral.c" />
		<Unit filename="..\..\src\random_maps\style.c" />
		<Unit filename="..\..\src\random_maps\wall.c" />
		<Unit filename="..\..\src\server\anim.c" />
		<Unit filename="..\..\src\server\apply.c" />
		<Unit filename="..\..\src\server\arch.c" />
		<Unit filename="..\..\src\server\attack.c" />
		<Unit filename="..\..\src\server\ban.c" />
		<Unit filename="..\..\src\server\cache.c" />
		<Unit filename="..\..\src\server\connection.c" />
		<Unit filename="..\..\src\server\daemon.c" />
		<Unit filename="..\..\src\server\exp.c" />
		<Unit filename="..\..\src\server\gods.c" />
		<Unit filename="..\..\src\server\hiscore.c" />
		<Unit filename="..\..\src\server\holy.c" />
		<Unit filename="..\..\src\server\image.c" />
		<Unit filename="..\..\src\server\info.c" />
		<Unit filename="..\..\src\server\init.c" />
		<Unit filename="..\..\src\server\item.c" />
		<Unit filename="..\..\src\server\light.c" />
		<Unit filename="..\..\src\server\links.c" />
		<Unit filename="..\..\src\server\living.c" />
		<Unit filename="..\..\src\server\logger.c" />
		<Unit filename="..\..\src\server\login.c" />
		<Unit filename="..\..\src\server\los.c" />
		<Unit filename="..\..\src\server\main.c" />
		<Unit filename="..\..\src\server\map.c" />
		<Unit filename="..\..\src\server\move.c" />
		<Unit filename="..\..\src\server\object.c" />
		<Unit filename="..\..\src\server\object_methods.c" />
		<Unit filename="..\..\src\server\party.c" />
		<Unit filename="..\..\src\server\pathfinder.c" />
		<Unit filename="..\..\src\server\plugins.c" />
		<Unit filename="..\..\src\server\quest.c" />
		<Unit filename="..\..\src\server\race.c" />
		<Unit filename="..\..\src\server\readable.c" />
		<Unit filename="..\..\src\server\re-cmp.c" />
		<Unit filename="..\..\src\server\region.c" />
		<Unit filename="..\..\src\server\rune.c" />
		<Unit filename="..\..\src\server\shop.c" />
		<Unit filename="..\..\src\server\skills.c" />
		<Unit filename="..\..\src\server\skill_util.c" />
		<Unit filename="..\..\src\server\spell_effect.c" />
		<Unit filename="..\..\src\server\spell_util.c" />
		<Unit filename="..\..\src\server\statistics.c" />
		<Unit filename="..\..\src\server\swap.c" />
		<Unit filename="..\..\src\server\time.c" />
		<Unit filename="..\..\src\server\treasure.c" />
		<Unit filename="..\..\src\server\utils.c" />
		<Unit filename="..\..\src\server\weather.c" />
		<Unit filename="..\..\src\skills\construction.c" />
		<Unit filename="..\..\src\skills\inscription.c" />
		<Unit filename="..\..\src\socket\image.c" />
		<Unit filename="..\..\src\socket\info.c" />
		<Unit filename="..\..\src\socket\init.c" />
		<Unit filename="..\..\src\socket\item.c" />
		<Unit filename="..\..\src\socket\loop.c" />
		<Unit filename="..\..\src\socket\lowlevel.c" />
		<Unit filename="..\..\src\socket\metaserver.c" />
		<Unit filename="..\..\src\socket\request.c" />
		<Unit filename="..\..\src\socket\sounds.c" />
		<Unit filename="..\..\src\socket\updates.c" />
		<Unit filename="..\..\src\toolkit\binreloc.c" />
		<Unit filename="..\..\src\toolkit\console.c" />
		<Unit filename="..\..\src\toolkit\math.c" />
		<Unit filename="..\..\src\toolkit\memory.c" />
		<Unit filename="..\..\src\toolkit\mempool.c" />
		<Unit filename="..\..\src\toolkit\packet.c" />
		<Unit filename="..\..\src\toolkit\path.c" />
		<Unit filename="..\..\src\toolkit\porting.c" />
		<Unit filename="..\..\src\toolkit\sha1.c" />
		<Unit filename="..\..\src\toolkit\shstr.c" />
		<Unit filename="..\..\src\toolkit\string.c" />
		<Unit filename="..\..\src\toolkit\stringbuffer.c" />
		<Unit filename="..\..\src\toolkit\toolkit.c" />
		<Unit filename="..\..\src\types\common\apply.c" />
		<Unit filename="..\..\src\types\common\describe.c" />
		<Unit filename="..\..\src\types\common\move_on.c" />
		<Unit filename="..\..\src\types\common\process.c" />
		<Unit filename="..\..\src\types\common\projectile.c" />
		<Unit filename="..\..\src\types\common\throw.c" />
		<Unit filename="..\..\src\types\ability.c" />
		<Unit filename="..\..\src\types\amulet.c" />
		<Unit filename="..\..\src\types\armour.c" />
		<Unit filename="..\..\src\types\arrow.c" />
		<Unit filename="..\..\src\types\base_info.c" />
		<Unit filename="..\..\src\types\beacon.c" />
		<Unit filename="..\..\src\types\blindness.c" />
		<Unit filename="..\..\src\types\book.c" />
		<Unit filename="..\..\src\types\boots.c" />
		<Unit filename="..\..\src\types\bow.c" />
		<Unit filename="..\..\src\types\bracers.c" />
		<Unit filename="..\..\src\types\bullet.c" />
		<Unit filename="..\..\src\types\button.c" />
		<Unit filename="..\..\src\types\check_inv.c" />
		<Unit filename="..\..\src\types\class.c" />
		<Unit filename="..\..\src\types\client_map_info.c" />
		<Unit filename="..\..\src\types\cloak.c" />
		<Unit filename="..\..\src\types\clock.c" />
		<Unit filename="..\..\src\types\compass.c" />
		<Unit filename="..\..\src\types\cone.c" />
		<Unit filename="..\..\src\types\confusion.c" />
		<Unit filename="..\..\src\types\container.c" />
		<Unit filename="..\..\src\types\corpse.c" />
		<Unit filename="..\..\src\types\creator.c" />
		<Unit filename="..\..\src\types\dead_object.c" />
		<Unit filename="..\..\src\types\detector.c" />
		<Unit filename="..\..\src\types\director.c" />
		<Unit filename="..\..\src\types\disease.c" />
		<Unit filename="..\..\src\types\door.c" />
		<Unit filename="..\..\src\types\drink.c" />
		<Unit filename="..\..\src\types\duplicator.c" />
		<Unit filename="..\..\src\types\event_obj.c" />
		<Unit filename="..\..\src\types\exit.c" />
		<Unit filename="..\..\src\types\experience.c" />
		<Unit filename="..\..\src\types\firewall.c" />
		<Unit filename="..\..\src\types\flesh.c" />
		<Unit filename="..\..\src\types\floor.c" />
		<Unit filename="..\..\src\types\food.c" />
		<Unit filename="..\..\src\types\force.c" />
		<Unit filename="..\..\src\types\gate.c" />
		<Unit filename="..\..\src\types\gem.c" />
		<Unit filename="..\..\src\types\girdle.c" />
		<Unit filename="..\..\src\types\gloves.c" />
		<Unit filename="..\..\src\types\god.c" />
		<Unit filename="..\..\src\types\gravestone.c" />
		<Unit filename="..\..\src\types\handle.c" />
		<Unit filename="..\..\src\types\helmet.c" />
		<Unit filename="..\..\src\types\holy_altar.c" />
		<Unit filename="..\..\src\types\inorganic.c" />
		<Unit filename="..\..\src\types\jewel.c" />
		<Unit filename="..\..\src\types\key.c" />
		<Unit filename="..\..\src\types\light_apply.c" />
		<Unit filename="..\..\src\types\lightning.c" />
		<Unit filename="..\..\src\types\light_refill.c" />
		<Unit filename="..\..\src\types\light_source.c" />
		<Unit filename="..\..\src\types\magic_mirror.c" />
		<Unit filename="..\..\src\types\map.c" />
		<Unit filename="..\..\src\types\map_event_obj.c" />
		<Unit filename="..\..\src\types\map_info.c" />
		<Unit filename="..\..\src\types\marker.c" />
		<Unit filename="..\..\src\types\material.c" />
		<Unit filename="..\..\src\types\misc_object.c" />
		<Unit filename="..\..\src\types\money.c" />
		<Unit filename="..\..\src\types\monster.c" />
		<Unit filename="..\..\src\types\nugget.c" />
		<Unit filename="..\..\src\types\organic.c" />
		<Unit filename="..\..\src\types\pearl.c" />
		<Unit filename="..\..\src\types\pedestal.c" />
		<Unit filename="..\..\src\types\player.c" />
		<Unit filename="..\..\src\types\player_mover.c" />
		<Unit filename="..\..\src\types\poisoning.c" />
		<Unit filename="..\..\src\types\potion.c" />
		<Unit filename="..\..\src\types\potion_effect.c" />
		<Unit filename="..\..\src\types\power_crystal.c" />
		<Unit filename="..\..\src\types\quest_container.c" />
		<Unit filename="..\..\src\types\random_drop.c" />
		<Unit filename="..\..\src\types\ring.c" />
		<Unit filename="..\..\src\types\rod.c" />
		<Unit filename="..\..\src\types\rune.c" />
		<Unit filename="..\..\src\types\savebed.c" />
		<Unit filename="..\..\src\types\scroll.c" />
		<Unit filename="..\..\src\types\shield.c" />
		<Unit filename="..\..\src\types\shop_floor.c" />
		<Unit filename="..\..\src\types\shop_mat.c" />
		<Unit filename="..\..\src\types\sign.c" />
		<Unit filename="..\..\src\types\skill.c" />
		<Unit filename="..\..\src\types\skill_item.c" />
		<Unit filename="..\..\src\types\sound_ambient.c" />
		<Unit filename="..\..\src\types\spawn_point.c" />
		<Unit filename="..\..\src\types\spawn_point_info.c" />
		<Unit filename="..\..\src\types\spawn_point_mob.c" />
		<Unit filename="..\..\src\types\spinner.c" />
		<Unit filename="..\..\src\types\swarm_spell.c" />
		<Unit filename="..\..\src\types\symptom.c" />
		<Unit filename="..\..\src\types\teleporter.c" />
		<Unit filename="..\..\src\types\treasure.c" />
		<Unit filename="..\..\src\types\wall.c" />
		<Unit filename="..\..\src\types\wand.c" />
		<Unit filename="..\..\src\types\waypoint.c" />
		<Unit filename="..\..\src\types\wealth.c" />
		<Unit filename="..\..\src\types\weapon.c" />
		<Unit filename="..\..\src\types\word_of_recall.c" />
		<Extensions>
			<envvars />
			<lib_finder />
		</Extensions>
	</Project>
</CodeBlocks_project_file>
