<?xml version="1.0" encoding="UTF-8" standalone="yes" ?>
<CodeBlocks_project_file>
	<FileVersion major="1" minor="6" />
	<Project>
		<Option title="plugin_python" />
		<Option pch_mode="0" />
		<Option default_target="Release" />
		<Option compiler="gcc" />
		<Build>
			<Target title="Release">
				<Option output="release\plugin_python.dll" prefix_auto="0" extension_auto="0" />
				<Option object_output="Release" />
				<Option type="3" />
				<Option compiler="gcc" />
				<Option createDefFile="1" />
				<Option createStaticLib="1" />
				<Compiler>
					<Add option="-O3" />
					<Add option="-W" />
					<Add option="-D_WINDOWS" />
					<Add option="-D_USRDLL" />
					<Add option="-DWIN32" />
					<Add option="-DNDEBUG" />
					<Add option="-DPYTHON_PLUGIN_EXPORTS" />
					<Add option="-DMINGW" />
				</Compiler>
				<Linker>
					<Add library="winmm" />
					<Add directory="Release" />
					<Add directory="c:\Python33\libs" />
					<Add library="libPython33.a" />
				</Linker>
				<ExtraCommands>
					<Add after="cmd /c copy /Y .\Release\plugin_python.dll ..\..\plugin_python.dll" />
				</ExtraCommands>
			</Target>
		</Build>
		<VirtualTargets>
			<Add alias="All" targets="Release;" />
		</VirtualTargets>
		<Compiler>
			<Add directory="..\..\src\include" />
			<Add directory="..\..\src\toolkit\include" />
			<Add directory="..\..\src\random_maps" />
			<Add directory="..\..\src\libs\zlib\include" />
			<Add directory="include" />
			<Add directory="..\..\src\plugins\plugin_python\include" />
			<Add directory="c:\Python33\include" />
		</Compiler>

		<Unit filename="..\..\src\plugins\plugin_python\include\atrinik_map.h" />
		<Unit filename="..\..\src\plugins\plugin_python\include\atrinik_object.h" />
		<Unit filename="..\..\src\plugins\plugin_python\include\plugin_python.h" />
		<Unit filename="..\..\src\plugins\plugin_python\atrinik_map.c">
			<Option compilerVar="CC" />
		</Unit>
		<Unit filename="..\..\src\plugins\plugin_python\atrinik_object.c">
			<Option compilerVar="CC" />
		</Unit>
		<Unit filename="..\..\src\plugins\plugin_python\atrinik_party.c">
			<Option compilerVar="CC" />
		</Unit>
		<Unit filename="..\..\src\plugins\plugin_python\atrinik_region.c">
			<Option compilerVar="CC" />
		</Unit>
		<Unit filename="..\..\src\plugins\plugin_python\atrinik_player.c">
			<Option compilerVar="CC" />
		</Unit>
		<Unit filename="..\..\src\plugins\plugin_python\atrinik_archetype.c">
			<Option compilerVar="CC" />
		</Unit>
		<Unit filename="..\..\src\plugins\plugin_python\plugin_python.c">
			<Option compilerVar="CC" />
		</Unit>
		<Unit filename="..\..\src\plugins\plugin_python\attr_list.c">
			<Option compilerVar="CC" />
		</Unit>
		<Extensions>
			<code_completion />
			<envvars />
			<debugger />
		</Extensions>
	</Project>
</CodeBlocks_project_file>
