<?xml version="1.0" encoding="UTF-8" standalone="yes" ?>
<CodeBlocks_project_file>
	<FileVersion major="1" minor="6" />
	<Project>
		<Option title="plugin_arena" />
		<Option makefile="Makefile" />
		<Option makefile_is_custom="0" />
		<Option default_target="-1" />
		<Option active_target="0" />
		<Option compiler="0" />
		<Build>
			<Target title="Release">
				<Option output="release\plugin_arena.dll" />
				<Option working_dir="" />
				<Option object_output="Release" />
				<Option deps_output=".deps" />
				<Option external_deps="" />
				<Option type="3" />
				<Option compiler="0" />
				<Option createDefFile="1" />
				<Option createStaticLib="1" />
				<Compiler>
					<Add option="-W" />
					<Add option="-D_WINDOWS" />
					<Add option="-D_USRDLL" />
					<Add option="-DWIN32" />
					<Add option="-DNDEBUG" />
					<Add option="-DMINGW" />
					<Add option="-DPYTHON_PLUGIN_EXPORTS" />
				</Compiler>
				<Linker>
					<Add library="winmm" />
					<Add directory="Release" />
				</Linker>
				<ExtraCommands>
					<Add after="cmd /c copy /Y .\Release\plugin_arena.dll ..\..\plugin_arena.dll" />
				</ExtraCommands>
			</Target>
		</Build>
		<VirtualTargets>
			<Add alias="All" targets="Release;" />
		</VirtualTargets>
		<Compiler>
			<Add directory="..\..\src\include" />
			<Add directory="..\..\src\toolkit\include" />
			<Add directory="..\..\src\random_maps" />
			<Add directory="include" />
		</Compiler>
		<Unit filename="..\..\src\plugins\plugin_arena\plugin_arena.c">
			<Option compilerVar="CC" />
			<Option target="Release" />
		</Unit>
	</Project>
</CodeBlocks_project_file>
