<?xml version="1.0" encoding="UTF-8" standalone="yes" ?>
<CodeBlocks_project_file>
	<FileVersion major="1" minor="6" />
	<Project>
		<Option title="Atrinik Client" />
		<Option pch_mode="0" />
		<Option default_target="Release" />
		<Option compiler="gcc" />
		<Build>
			<Target title="Release">
				<Option output="..\..\..\atrinik.exe" prefix_auto="0" extension_auto="0" />
				<Option working_dir="..\..\..\..\client" />
				<Option type="0" />
				<Option compiler="gcc" />
				<Option projectResourceIncludeDirsRelation="0" />
			</Target>
		</Build>
		<VirtualTargets>
			<Add alias="All" targets="Release;" />
		</VirtualTargets>
		<Compiler>
			<Add option="-O3" />
			<Add option='-I&quot;&lt;INCLUDE&gt;\SDL&quot; -Dmain=SDL_main -mms-bitfields -Wall -W -Werror' />
			<Add option="-DWIN32" />
			<Add option="-D__WIN_32" />
			<Add option="-DMINGW" />
			<Add option="-DCURL_STATICLIB" />
			<Add directory="..\..\..\src\include" />
			<Add directory="..\..\..\src\zlib\include" />
			<Add directory="sdl_inc" />
			<Add directory="sdl_inc\SDL" />
			<Add directory="..\CodeBlocks" />
			<Add directory="sdl_lib" />
		</Compiler>
		<Linker>
			<Add library="mingw32" />
			<Add library="wsock32" />
			<Add library="sdl_lib\libSDLmain.a" />
			<Add library="sdl_lib\libSDL_image.a" />
			<Add library="sdl_lib\libSDL_mixer.a" />
			<Add library="sdl_lib\libSDL.dll.a" />
			<Add library="sdl_lib\static\libcurl.a" />
			<Add directory="sdl_lib" />
			<Add directory="..\CodeBlocks" />
			<Add library="libwsock32.a" />
			<Add library="libwinmm.a" />
		</Linker>
		<Unit filename="README" />
		<Unit filename="..\..\..\src\include\book.h" />
		<Unit filename="..\..\..\src\include\cflinux.h" />
		<Unit filename="..\..\..\src\include\client.h">
			<Option compilerVar="CC" />
		</Unit>
		<Unit filename="..\..\..\src\include\commands.h">
			<Option compilerVar="CC" />
		</Unit>
		<Unit filename="..\..\..\src\include\config.h">
			<Option compilerVar="CC" />
		</Unit>
		<Unit filename="..\..\..\src\include\event.h">
			<Option compilerVar="CC" />
		</Unit>
		<Unit filename="..\..\..\src\include\include.h">
			<Option compilerVar="CC" />
		</Unit>
		<Unit filename="..\..\..\src\include\inventory.h">
			<Option compilerVar="CC" />
		</Unit>
		<Unit filename="..\..\..\src\include\item.h">
			<Option compilerVar="CC" />
		</Unit>
		<Unit filename="..\..\..\src\include\main.h">
			<Option compilerVar="CC" />
		</Unit>
		<Unit filename="..\..\..\src\include\map.h">
			<Option compilerVar="CC" />
		</Unit>
		<Unit filename="..\..\..\src\include\menu.h">
			<Option compilerVar="CC" />
		</Unit>
		<Unit filename="..\..\..\src\include\metaserver.h">
			<Option compilerVar="CC" />
		</Unit>
		<Unit filename="..\..\..\src\include\misc.h">
			<Option compilerVar="CC" />
		</Unit>
		<Unit filename="..\..\..\src\include\party.h" />
		<Unit filename="..\..\..\src\include\player.h">
			<Option compilerVar="CC" />
		</Unit>
		<Unit filename="..\..\..\src\include\sdlsocket.h">
			<Option compilerVar="CC" />
		</Unit>
		<Unit filename="..\..\..\src\include\sound.h">
			<Option compilerVar="CC" />
		</Unit>
		<Unit filename="..\..\..\src\include\sprite.h">
			<Option compilerVar="CC" />
		</Unit>
		<Unit filename="..\..\..\src\include\textwin.h">
			<Option compilerVar="CC" />
		</Unit>
		<Unit filename="..\..\..\src\include\widget.h" />
		<Unit filename="..\..\..\src\include\win32.h">
			<Option compilerVar="CC" />
		</Unit>
		<Unit filename="..\..\..\src\include\wrapper.h">
			<Option compilerVar="CC" />
		</Unit>
		<Unit filename="..\..\..\src\zlib\include\inffast.h">
			<Option compilerVar="CC" />
		</Unit>
		<Unit filename="..\..\..\src\zlib\include\inflate.h">
			<Option compilerVar="CC" />
		</Unit>
		<Unit filename="..\..\..\src\zlib\include\inftrees.h">
			<Option compilerVar="CC" />
		</Unit>
		<Unit filename="..\..\..\src\zlib\include\zconf.h" />
		<Unit filename="..\..\..\src\zlib\include\zlib.h">
			<Option compilerVar="CC" />
		</Unit>
		<Unit filename="..\..\..\src\zlib\include\crc32.h" />
		<Unit filename="..\..\..\src\zlib\include\zutil.h">
			<Option compilerVar="CC" />
		</Unit>
		<Unit filename="..\..\..\src\zlib\adler32.c">
			<Option compilerVar="CC" />
		</Unit>
		<Unit filename="..\..\..\src\zlib\crc32.c">
			<Option compilerVar="CC" />
		</Unit>
		<Unit filename="..\..\..\src\zlib\inffast.c">
			<Option compilerVar="CC" />
		</Unit>
		<Unit filename="..\..\..\src\zlib\inflate.c">
			<Option compilerVar="CC" />
		</Unit>
		<Unit filename="..\..\..\src\zlib\inftrees.c">
			<Option compilerVar="CC" />
		</Unit>
		<Unit filename="..\..\..\src\zlib\uncompr.c">
			<Option compilerVar="CC" />
		</Unit>
		<Unit filename="..\..\..\src\zlib\zutil.c">
			<Option compilerVar="CC" />
		</Unit>
		<Unit filename="..\..\..\src\client\book.c">
			<Option compilerVar="CC" />
		</Unit>
		<Unit filename="..\..\..\src\client\client.c">
			<Option compilerVar="CC" />
		</Unit>
		<Unit filename="..\..\..\src\client\commands.c">
			<Option compilerVar="CC" />
		</Unit>
		<Unit filename="..\..\..\src\client\dialog.c">
			<Option compilerVar="CC" />
		</Unit>
		<Unit filename="..\..\..\src\client\event.c">
			<Option compilerVar="CC" />
		</Unit>
		<Unit filename="..\..\..\src\client\inventory.c">
			<Option compilerVar="CC" />
		</Unit>
		<Unit filename="..\..\..\src\client\item.c">
			<Option compilerVar="CC" />
		</Unit>
		<Unit filename="..\..\..\src\client\main.c">
			<Option compilerVar="CC" />
		</Unit>
		<Unit filename="..\..\..\src\client\map.c">
			<Option compilerVar="CC" />
		</Unit>
		<Unit filename="..\..\..\src\client\menu.c">
			<Option compilerVar="CC" />
		</Unit>
		<Unit filename="..\..\..\src\client\metaserver.c">
			<Option compilerVar="CC" />
		</Unit>
		<Unit filename="..\..\..\src\client\misc.c">
			<Option compilerVar="CC" />
		</Unit>
		<Unit filename="..\..\..\src\client\party.c">
			<Option compilerVar="CC" />
		</Unit>
		<Unit filename="..\..\..\src\client\player.c">
			<Option compilerVar="CC" />
		</Unit>
		<Unit filename="..\..\..\src\client\socket.c">
			<Option compilerVar="CC" />
		</Unit>
		<Unit filename="..\..\..\src\client\sound.c">
			<Option compilerVar="CC" />
		</Unit>
		<Unit filename="..\..\..\src\client\sprite.c">
			<Option compilerVar="CC" />
		</Unit>
		<Unit filename="..\..\..\src\client\textwin.c">
			<Option compilerVar="CC" />
		</Unit>
		<Unit filename="..\..\..\src\client\widget.c">
			<Option compilerVar="CC" />
		</Unit>
		<Unit filename="..\..\..\src\client\wrapper.c">
			<Option compilerVar="CC" />
		</Unit>
		<Extensions>
			<envvars />
			<lib_finder />
		</Extensions>
	</Project>
</CodeBlocks_project_file>
