<?xml version="1.0" encoding="UTF-8" standalone="yes" ?>
<CodeBlocks_project_file>
	<FileVersion major="1" minor="6" />
	<Project>
		<Option title="common" />
		<Option makefile="Makefile" />
		<Option makefile_is_custom="0" />
		<Option default_target="-1" />
		<Option active_target="0" />
		<Option compiler="0" />
		<Build>
			<Target title="Release">
				<Option output="release\libcross.a" />
				<Option working_dir="" />
				<Option object_output="Release" />
				<Option deps_output=".deps" />
				<Option external_deps="" />
				<Option type="2" />
				<Option compiler="0" />
				<Option createDefFile="1" />
				<Option createStaticLib="0" />
				<Compiler>
					<Add option="-W" />
					<Add option="-D_WINDOWS" />
					<Add option="-DWIN32" />
					<Add option="-DNDEBUG" />
					<Add option="-DMIN_GW" />
					<Add option="-O3" />
				</Compiler>
				<Linker>
					<Add option="-s" />
					<Add library="winmm" />
					<Add library="libwinmm.a" />
					<Add library="winmmtimer" />
					<Add library="libwinmmtimer.a" />
					<Add directory="..\common\Release" />
				</Linker>
				<ExtraCommands>
					<Add before="..\tools\flex.exe -i -o..\..\..\src\common\loader.c  ..\..\..\src\common\loader.l" />
				</ExtraCommands>
			</Target>
		</Build>
		<Compiler>
			<Add directory="..\..\..\src\include" />
			<Add directory="..\..\..\src\plugins\common\include" />
		</Compiler>
		<Unit filename="..\..\..\src\common\anim.c">
			<Option compilerVar="CC" />
			<Option target="Release" />
		</Unit>
		<Unit filename="..\..\..\src\common\arch.c">
			<Option compilerVar="CC" />
			<Option target="Release" />
		</Unit>
		<Unit filename="..\..\..\src\common\button.c">
			<Option compilerVar="CC" />
			<Option target="Release" />
		</Unit>
		<Unit filename="..\..\..\src\common\exp.c">
			<Option compilerVar="CC" />
			<Option target="Release" />
		</Unit>
		<Unit filename="..\..\..\src\common\friend.c">
			<Option compilerVar="CC" />
			<Option target="Release" />
		</Unit>
		<Unit filename="..\..\..\src\common\holy.c">
			<Option compilerVar="CC" />
			<Option target="Release" />
		</Unit>
		<Unit filename="..\..\..\src\common\image.c">
			<Option compilerVar="CC" />
			<Option target="Release" />
		</Unit>
		<Unit filename="..\..\..\src\common\info.c">
			<Option compilerVar="CC" />
			<Option target="Release" />
		</Unit>
		<Unit filename="..\..\..\src\common\item.c">
			<Option compilerVar="CC" />
			<Option target="Release" />
		</Unit>
		<Unit filename="..\..\..\src\common\links.c">
			<Option compilerVar="CC" />
			<Option target="Release" />
		</Unit>
		<Unit filename="..\..\..\src\common\living.c">
			<Option compilerVar="CC" />
			<Option target="Release" />
		</Unit>
		<Unit filename="..\..\..\src\common\loader.c">
			<Option compilerVar="CC" />
			<Option target="Release" />
		</Unit>
		<Unit filename="..\..\..\src\common\logger.c">
			<Option compilerVar="CC" />
			<Option target="Release" />
		</Unit>
		<Unit filename="..\..\..\src\common\los.c">
			<Option compilerVar="CC" />
			<Option target="Release" />
		</Unit>
		<Unit filename="..\..\..\src\common\mempool.c">
			<Option compilerVar="CC" />
			<Option target="Release" />
		</Unit>
		<Unit filename="..\..\..\src\common\map.c">
			<Option compilerVar="CC" />
			<Option target="Release" />
		</Unit>
		<Unit filename="..\..\..\src\common\object.c">
			<Option compilerVar="CC" />
			<Option target="Release" />
		</Unit>
		<Unit filename="..\..\..\src\common\player.c">
			<Option compilerVar="CC" />
			<Option target="Release" />
		</Unit>
		<Unit filename="..\..\..\src\common\porting.c">
			<Option compilerVar="CC" />
			<Option target="Release" />
		</Unit>
		<Unit filename="..\..\..\src\common\quest.c">
			<Option compilerVar="CC" />
			<Option target="Release" />
		</Unit>
		<Unit filename="..\..\..\src\common\readable.c">
			<Option compilerVar="CC" />
			<Option target="Release" />
		</Unit>
		<Unit filename="..\..\..\src\common\recipe.c">
			<Option compilerVar="CC" />
			<Option target="Release" />
		</Unit>
		<Unit filename="..\..\..\src\common\re-cmp.c">
			<Option compilerVar="CC" />
			<Option target="Release" />
		</Unit>
		<Unit filename="..\..\..\src\common\region.c">
			<Option compilerVar="CC" />
			<Option target="Release" />
		</Unit>
		<Unit filename="..\..\..\src\common\shstr.c">
			<Option compilerVar="CC" />
			<Option target="Release" />
		</Unit>
		<Unit filename="..\..\..\src\common\stringbuffer.c">
			<Option compilerVar="CC" />
			<Option target="Release" />
		</Unit>
		<Unit filename="..\..\..\src\common\time.c">
			<Option compilerVar="CC" />
			<Option target="Release" />
		</Unit>
		<Unit filename="..\..\..\src\common\treasure.c">
			<Option compilerVar="CC" />
			<Option target="Release" />
		</Unit>
		<Unit filename="..\..\..\src\common\utils.c">
			<Option compilerVar="CC" />
			<Option target="Release" />
		</Unit>
		<Unit filename="..\..\..\src\common\win32.c">
			<Option compilerVar="CC" />
			<Option target="Release" />
		</Unit>
	</Project>
</Code::Blocks_project_file>
