<?xml version="1.0"?>
<!DOCTYPE Code::Blocks_project_file>
<Code::Blocks_project_file>
	<FileVersion major="1" minor="1" />
	<Project>
		<Option title="types" />
		<Option makefile="Makefile" />
		<Option makefile_is_custom="0" />
		<Option default_target="-1" />
		<Option active_target="0" />
		<Option compiler="0" />
		<Build>
			<Target title="Release">
				<Option output="release\libtypes.a" />
				<Option working_dir="" />
				<Option object_output="Release" />
				<Option deps_output=".deps" />
				<Option external_deps="" />
				<Option type="2" />
				<Option compiler="0" />
				<Option createDefFile="1" />
				<Option createStaticLib="0" />
				<Compiler>
					<Add option="-W" />
					<Add option="-D_WINDOWS" />
					<Add option="-DWIN32" />
					<Add option="-DNDEBUG" />
					<Add option="-DMIN_GW" />
					<Add option="-O3" />
				</Compiler>
				<Linker>
					<Add option="-s" />
					<Add library="winmm" />
					<Add library="libwinmm.a" />
					<Add library="winmmtimer" />
					<Add library="libwinmmtimer.a" />
					<Add directory="..\types\Release" />
				</Linker>
			</Target>
		</Build>
		<Compiler>
			<Add directory="..\..\..\src\include" />
		</Compiler>

		<Unit filename="..\..\..\src\types\altar.c">
			<Option compilerVar="CC" />
			<Option target="Release" />
		</Unit>
		<Unit filename="..\..\..\src\types\armour_improver.c">
			<Option compilerVar="CC" />
			<Option target="Release" />
		</Unit>
		<Unit filename="..\..\..\src\types\arrow.c">
			<Option compilerVar="CC" />
			<Option target="Release" />
		</Unit>
		<Unit filename="..\..\..\src\types\book.c">
			<Option compilerVar="CC" />
			<Option target="Release" />
		</Unit>
		<Unit filename="..\..\..\src\types\container.c">
			<Option compilerVar="CC" />
			<Option target="Release" />
		</Unit>
		<Unit filename="..\..\..\src\types\converter.c">
			<Option compilerVar="CC" />
			<Option target="Release" />
		</Unit>
		<Unit filename="..\..\..\src\types\creator.c">
			<Option compilerVar="CC" />
			<Option target="Release" />
		</Unit>
		<Unit filename="..\..\..\src\types\deep_swamp.c">
			<Option compilerVar="CC" />
			<Option target="Release" />
		</Unit>
		<Unit filename="..\..\..\src\types\detector.c">
			<Option compilerVar="CC" />
			<Option target="Release" />
		</Unit>
		<Unit filename="..\..\..\src\types\disease.c">
			<Option compilerVar="CC" />
			<Option target="Release" />
		</Unit>
		<Unit filename="..\..\..\src\types\door.c">
			<Option compilerVar="CC" />
			<Option target="Release" />
		</Unit>
		<Unit filename="..\..\..\src\types\food.c">
			<Option compilerVar="CC" />
			<Option target="Release" />
		</Unit>
		<Unit filename="..\..\..\src\types\gate.c">
			<Option compilerVar="CC" />
			<Option target="Release" />
		</Unit>
		<Unit filename="..\..\..\src\types\gravestone.c">
			<Option compilerVar="CC" />
			<Option target="Release" />
		</Unit>
		<Unit filename="..\..\..\src\types\identify_altar.c">
			<Option compilerVar="CC" />
			<Option target="Release" />
		</Unit>
		<Unit filename="..\..\..\src\types\light.c">
			<Option compilerVar="CC" />
			<Option target="Release" />
		</Unit>
		<Unit filename="..\..\..\src\types\marker.c">
			<Option compilerVar="CC" />
			<Option target="Release" />
		</Unit>
		<Unit filename="..\..\..\src\types\monster.c">
			<Option compilerVar="CC" />
			<Option target="Release" />
		</Unit>
		<Unit filename="..\..\..\src\types\pit.c">
			<Option compilerVar="CC" />
			<Option target="Release" />
		</Unit>
		<Unit filename="..\..\..\src\types\player.c">
			<Option compilerVar="CC" />
			<Option target="Release" />
		</Unit>
		<Unit filename="..\..\..\src\types\player_mover.c">
			<Option compilerVar="CC" />
			<Option target="Release" />
		</Unit>
		<Unit filename="..\..\..\src\types\poison.c">
			<Option compilerVar="CC" />
			<Option target="Release" />
		</Unit>
		<Unit filename="..\..\..\src\types\potion.c">
			<Option compilerVar="CC" />
			<Option target="Release" />
		</Unit>
		<Unit filename="..\..\..\src\types\power_crystal.c">
			<Option compilerVar="CC" />
			<Option target="Release" />
		</Unit>
		<Unit filename="..\..\..\src\types\rod.c">
			<Option compilerVar="CC" />
			<Option target="Release" />
		</Unit>
		<Unit filename="..\..\..\src\types\savebed.c">
			<Option compilerVar="CC" />
			<Option target="Release" />
		</Unit>
		<Unit filename="..\..\..\src\types\scroll.c">
			<Option compilerVar="CC" />
			<Option target="Release" />
		</Unit>
		<Unit filename="..\..\..\src\types\shop_mat.c">
			<Option compilerVar="CC" />
			<Option target="Release" />
		</Unit>
		<Unit filename="..\..\..\src\types\sign.c">
			<Option compilerVar="CC" />
			<Option target="Release" />
		</Unit>
		<Unit filename="..\..\..\src\types\skillscroll.c">
			<Option compilerVar="CC" />
			<Option target="Release" />
		</Unit>
		<Unit filename="..\..\..\src\types\spawn_point.c">
			<Option compilerVar="CC" />
			<Option target="Release" />
		</Unit>
		<Unit filename="..\..\..\src\types\spellbook.c">
			<Option compilerVar="CC" />
			<Option target="Release" />
		</Unit>
		<Unit filename="..\..\..\src\types\teleporter.c">
			<Option compilerVar="CC" />
			<Option target="Release" />
		</Unit>
		<Unit filename="..\..\..\src\types\treasure.c">
			<Option compilerVar="CC" />
			<Option target="Release" />
		</Unit>
		<Unit filename="..\..\..\src\types\waypoint.c">
			<Option compilerVar="CC" />
			<Option target="Release" />
		</Unit>
		<Unit filename="..\..\..\src\types\weapon_improver.c">
			<Option compilerVar="CC" />
			<Option target="Release" />
		</Unit>

		<Unit filename="..\..\..\src\common\re-cmp.c">
			<Option compilerVar="CC" />
			<Option target="Release" />
		</Unit>
	</Project>
</Code::Blocks_project_file>
