
Microsoft Visual Studio Solution File, Format Version 10.00
# Visual Studio 2008
Project("{8BC9CEB8-8B4A-11D0-8D11-00A0C91BC942}") = "atrinik_server", "atrinik_server.vcproj", "{FE14F716-C06C-4ABF-AC4A-AD43A59F3731}"
EndProject
Project("{8BC9CEB8-8B4A-11D0-8D11-00A0C91BC942}") = "plugin_python", "plugin_python\plugin_python.vcproj", "{DA4A9EA4-776D-449B-841F-1E451D3E2EA5}"
	ProjectSection(ProjectDependencies) = postProject
		{FE14F716-C06C-4ABF-AC4A-AD43A59F3731} = {FE14F716-C06C-4ABF-AC4A-AD43A59F3731}
	EndProjectSection
EndProject
Project("{8BC9CEB8-8B4A-11D0-8D11-00A0C91BC942}") = "plugin_arena", "plugin_arena\plugin_arena.vcproj", "{ADFB9977-8D0B-4B14-AD00-455E27F1E8F8}"
	ProjectSection(ProjectDependencies) = postProject
		{FE14F716-C06C-4ABF-AC4A-AD43A59F3731} = {FE14F716-C06C-4ABF-AC4A-AD43A59F3731}
	EndProjectSection
EndProject
Global
	GlobalSection(SolutionConfigurationPlatforms) = preSolution
		Debug|Win32 = Debug|Win32
		Debug|x64 = Debug|x64
		Release|Win32 = Release|Win32
		Release|x64 = Release|x64
	EndGlobalSection
	GlobalSection(ProjectConfigurationPlatforms) = postSolution
		{FE14F716-C06C-4ABF-AC4A-AD43A59F3731}.Debug|Win32.ActiveCfg = Debug|Win32
		{FE14F716-C06C-4ABF-AC4A-AD43A59F3731}.Debug|Win32.Build.0 = Debug|Win32
		{FE14F716-C06C-4ABF-AC4A-AD43A59F3731}.Debug|x64.ActiveCfg = Debug|x64
		{FE14F716-C06C-4ABF-AC4A-AD43A59F3731}.Debug|x64.Build.0 = Debug|x64
		{FE14F716-C06C-4ABF-AC4A-AD43A59F3731}.Release|Win32.ActiveCfg = Release|Win32
		{FE14F716-C06C-4ABF-AC4A-AD43A59F3731}.Release|Win32.Build.0 = Release|Win32
		{FE14F716-C06C-4ABF-AC4A-AD43A59F3731}.Release|x64.ActiveCfg = Release|x64
		{FE14F716-C06C-4ABF-AC4A-AD43A59F3731}.Release|x64.Build.0 = Release|x64
		{DA4A9EA4-776D-449B-841F-1E451D3E2EA5}.Debug|Win32.ActiveCfg = Debug|Win32
		{DA4A9EA4-776D-449B-841F-1E451D3E2EA5}.Debug|Win32.Build.0 = Debug|Win32
		{DA4A9EA4-776D-449B-841F-1E451D3E2EA5}.Debug|x64.ActiveCfg = Debug|x64
		{DA4A9EA4-776D-449B-841F-1E451D3E2EA5}.Debug|x64.Build.0 = Debug|x64
		{DA4A9EA4-776D-449B-841F-1E451D3E2EA5}.Release|Win32.ActiveCfg = Release|Win32
		{DA4A9EA4-776D-449B-841F-1E451D3E2EA5}.Release|Win32.Build.0 = Release|Win32
		{DA4A9EA4-776D-449B-841F-1E451D3E2EA5}.Release|x64.ActiveCfg = Release|x64
		{DA4A9EA4-776D-449B-841F-1E451D3E2EA5}.Release|x64.Build.0 = Release|x64
		{ADFB9977-8D0B-4B14-AD00-455E27F1E8F8}.Debug|Win32.ActiveCfg = Debug|Win32
		{ADFB9977-8D0B-4B14-AD00-455E27F1E8F8}.Debug|Win32.Build.0 = Debug|Win32
		{ADFB9977-8D0B-4B14-AD00-455E27F1E8F8}.Debug|x64.ActiveCfg = Debug|x64
		{ADFB9977-8D0B-4B14-AD00-455E27F1E8F8}.Debug|x64.Build.0 = Debug|x64
		{ADFB9977-8D0B-4B14-AD00-455E27F1E8F8}.Release|Win32.ActiveCfg = Release|Win32
		{ADFB9977-8D0B-4B14-AD00-455E27F1E8F8}.Release|Win32.Build.0 = Release|Win32
		{ADFB9977-8D0B-4B14-AD00-455E27F1E8F8}.Release|x64.ActiveCfg = Release|x64
		{ADFB9977-8D0B-4B14-AD00-455E27F1E8F8}.Release|x64.Build.0 = Release|x64
	EndGlobalSection
	GlobalSection(SolutionProperties) = preSolution
		HideSolutionNode = FALSE
	EndGlobalSection
EndGlobal
